
Microsoft Visual Studio Solution File, Format Version 12.00
# Visual Studio Version 17
VisualStudioVersion = 17.0.31903.59
MinimumVisualStudioVersion = 10.0.40219.1
Project("{FAE04EC0-301F-11D3-BF4B-00C04F79EFBC}") = "TackleWiki.API", "TackleWiki.API\TackleWiki.API.csproj", "{61C11495-08CE-4A7B-97D7-EB8F04714833}"
EndProject
Project("{FAE04EC0-301F-11D3-BF4B-00C04F79EFBC}") = "TackleWiki.Business", "TackleWiki.Business\TackleWiki.Business.csproj", "{3F4394D7-9F86-48B8-8825-8E47DF851C39}"
EndProject
Project("{FAE04EC0-301F-11D3-BF4B-00C04F79EFBC}") = "TackleWiki.Tests", "TackleWiki.Tests\TackleWiki.Tests.csproj", "{25F1B9BA-8CB3-47E5-9AE2-56E3B021619D}"
EndProject
Global
	GlobalSection(SolutionConfigurationPlatforms) = preSolution
		Debug|Any CPU = Debug|Any CPU
		Release|Any CPU = Release|Any CPU
	EndGlobalSection
	GlobalSection(SolutionProperties) = preSolution
		HideSolutionNode = FALSE
	EndGlobalSection
	GlobalSection(ProjectConfigurationPlatforms) = postSolution
		{61C11495-08CE-4A7B-97D7-EB8F04714833}.Debug|Any CPU.ActiveCfg = Debug|Any CPU
		{61C11495-08CE-4A7B-97D7-EB8F04714833}.Debug|Any CPU.Build.0 = Debug|Any CPU
		{61C11495-08CE-4A7B-97D7-EB8F04714833}.Release|Any CPU.ActiveCfg = Release|Any CPU
		{61C11495-08CE-4A7B-97D7-EB8F04714833}.Release|Any CPU.Build.0 = Release|Any CPU
		{3F4394D7-9F86-48B8-8825-8E47DF851C39}.Debug|Any CPU.ActiveCfg = Debug|Any CPU
		{3F4394D7-9F86-48B8-8825-8E47DF851C39}.Debug|Any CPU.Build.0 = Debug|Any CPU
		{3F4394D7-9F86-48B8-8825-8E47DF851C39}.Release|Any CPU.ActiveCfg = Release|Any CPU
		{3F4394D7-9F86-48B8-8825-8E47DF851C39}.Release|Any CPU.Build.0 = Release|Any CPU
		{25F1B9BA-8CB3-47E5-9AE2-56E3B021619D}.Debug|Any CPU.ActiveCfg = Debug|Any CPU
		{25F1B9BA-8CB3-47E5-9AE2-56E3B021619D}.Debug|Any CPU.Build.0 = Debug|Any CPU
		{25F1B9BA-8CB3-47E5-9AE2-56E3B021619D}.Release|Any CPU.ActiveCfg = Release|Any CPU
		{25F1B9BA-8CB3-47E5-9AE2-56E3B021619D}.Release|Any CPU.Build.0 = Release|Any CPU
	EndGlobalSection
EndGlobal
